{
  "name": "modules-Exercise",
  "version": "0.0.1",
  "lockfileVersion": 1,
  "requires": true,
  "dependencies": {
    "systemjs": {
      "version": "0.21.4",
      "resolved": "https://registry.npmjs.org/systemjs/-/systemjs-0.21.4.tgz",
      "integrity": "sha512-l1O8boHjAIY5UG74Xk4B63LK9QbFxv/FkQa//GGGWaTeQoMhTsWnFrYwPWBScSF4xQFMO/+v9QB4i633h8Oytw=="
    }
  }
}
